
Microsoft Visual Studio Solution File, Format Version 12.00
# Visual Studio Version 17
VisualStudioVersion = 17.0.31903.59
MinimumVisualStudioVersion = 10.0.40219.1
Project("{2150E333-8FDC-42A3-9474-1A3956D46DE8}") = "src", "src", "{4DE07B2F-93BD-42D3-81ED-66C016A93237}"
EndProject
Project("{FAE04EC0-301F-11D3-BF4B-00C04F79EFBC}") = "Databases.App", "src\Databases.App\Databases.App.csproj", "{75F834FF-4CE1-43E4-B538-686A012046EB}"
EndProject
Global
	GlobalSection(SolutionConfigurationPlatforms) = preSolution
		Debug|Any CPU = Debug|Any CPU
		Release|Any CPU = Release|Any CPU
	EndGlobalSection
	GlobalSection(SolutionProperties) = preSolution
		HideSolutionNode = FALSE
	EndGlobalSection
	GlobalSection(ProjectConfigurationPlatforms) = postSolution
		{75F834FF-4CE1-43E4-B538-686A012046EB}.Debug|Any CPU.ActiveCfg = Debug|Any CPU
		{75F834FF-4CE1-43E4-B538-686A012046EB}.Debug|Any CPU.Build.0 = Debug|Any CPU
		{75F834FF-4CE1-43E4-B538-686A012046EB}.Release|Any CPU.ActiveCfg = Release|Any CPU
		{75F834FF-4CE1-43E4-B538-686A012046EB}.Release|Any CPU.Build.0 = Release|Any CPU
	EndGlobalSection
	GlobalSection(NestedProjects) = preSolution
		{75F834FF-4CE1-43E4-B538-686A012046EB} = {4DE07B2F-93BD-42D3-81ED-66C016A93237}
	EndGlobalSection
EndGlobal
